
Microsoft Visual Studio Solution File, Format Version 12.00
# Visual Studio Version 17
VisualStudioVersion = 17.7.34031.279
MinimumVisualStudioVersion = 10.0.40219.1
Project("{FAE04EC0-301F-11D3-BF4B-00C04F79EFBC}") = "Gestion Des Etudiant", "Gestion Des Etudiant\Gestion Des Etudiant.csproj", "{28EBA352-CEA7-44BB-87C5-BE316BDC8CB9}"
EndProject
Global
	GlobalSection(SolutionConfigurationPlatforms) = preSolution
		Debug|Any CPU = Debug|Any CPU
		Release|Any CPU = Release|Any CPU
	EndGlobalSection
	GlobalSection(ProjectConfigurationPlatforms) = postSolution
		{28EBA352-CEA7-44BB-87C5-BE316BDC8CB9}.Debug|Any CPU.ActiveCfg = Debug|Any CPU
		{28EBA352-CEA7-44BB-87C5-BE316BDC8CB9}.Debug|Any CPU.Build.0 = Debug|Any CPU
		{28EBA352-CEA7-44BB-87C5-BE316BDC8CB9}.Release|Any CPU.ActiveCfg = Release|Any CPU
		{28EBA352-CEA7-44BB-87C5-BE316BDC8CB9}.Release|Any CPU.Build.0 = Release|Any CPU
	EndGlobalSection
	GlobalSection(SolutionProperties) = preSolution
		HideSolutionNode = FALSE
	EndGlobalSection
	GlobalSection(ExtensibilityGlobals) = postSolution
		SolutionGuid = {495BE809-FE99-4CAB-89C5-4D000327AFF3}
	EndGlobalSection
EndGlobal
